
Microsoft Visual Studio Solution File, Format Version 12.00
# Visual Studio Version 17
VisualStudioVersion = 17.5.33627.172
MinimumVisualStudioVersion = 10.0.40219.1
Project("{778DAE3C-4631-46EA-AA77-85C1314464D9}") = "Assets Management System", "..\..\..\..\Downloads\Assets Management System\Assets Management System\Assets Management System.vbproj", "{48D3A924-0771-4075-820A-E54D48696F24}"
EndProject
Global
	GlobalSection(SolutionConfigurationPlatforms) = preSolution
		Debug|Any CPU = Debug|Any CPU
		Release|Any CPU = Release|Any CPU
	EndGlobalSection
	GlobalSection(ProjectConfigurationPlatforms) = postSolution
		{48D3A924-0771-4075-820A-E54D48696F24}.Debug|Any CPU.ActiveCfg = Debug|Any CPU
		{48D3A924-0771-4075-820A-E54D48696F24}.Debug|Any CPU.Build.0 = Debug|Any CPU
		{48D3A924-0771-4075-820A-E54D48696F24}.Release|Any CPU.ActiveCfg = Release|Any CPU
		{48D3A924-0771-4075-820A-E54D48696F24}.Release|Any CPU.Build.0 = Release|Any CPU
	EndGlobalSection
	GlobalSection(SolutionProperties) = preSolution
		HideSolutionNode = FALSE
	EndGlobalSection
	GlobalSection(ExtensibilityGlobals) = postSolution
		SolutionGuid = {7B5A8214-946B-4633-8091-02D65B1D6417}
	EndGlobalSection
EndGlobal
